
Microsoft Visual Studio Solution File, Format Version 12.00
# Visual Studio Version 16
VisualStudioVersion = 16.0.32901.82
MinimumVisualStudioVersion = 10.0.40219.1
Project("{FAE04EC0-301F-11D3-BF4B-00C04F79EFBC}") = "WebApplication1", "WebApplication1.csproj", "{46DA179A-72D3-4759-8C33-2AFA2A549A15}"
EndProject
Global
	GlobalSection(SolutionConfigurationPlatforms) = preSolution
		Debug|Any CPU = Debug|Any CPU
		Release|Any CPU = Release|Any CPU
	EndGlobalSection
	GlobalSection(ProjectConfigurationPlatforms) = postSolution
		{46DA179A-72D3-4759-8C33-2AFA2A549A15}.Debug|Any CPU.ActiveCfg = Debug|Any CPU
		{46DA179A-72D3-4759-8C33-2AFA2A549A15}.Debug|Any CPU.Build.0 = Debug|Any CPU
		{46DA179A-72D3-4759-8C33-2AFA2A549A15}.Release|Any CPU.ActiveCfg = Release|Any CPU
		{46DA179A-72D3-4759-8C33-2AFA2A549A15}.Release|Any CPU.Build.0 = Release|Any CPU
	EndGlobalSection
	GlobalSection(SolutionProperties) = preSolution
		HideSolutionNode = FALSE
	EndGlobalSection
	GlobalSection(ExtensibilityGlobals) = postSolution
		SolutionGuid = {ECBA7781-F185-4E5C-B199-FA1EAC6C0FB7}
	EndGlobalSection
EndGlobal
